
Microsoft Visual Studio Solution File, Format Version 12.00
# Visual Studio Version 17
VisualStudioVersion = 17.3.32929.385
MinimumVisualStudioVersion = 10.0.40219.1
Project("{FAE04EC0-301F-11D3-BF4B-00C04F79EFBC}") = "Zad_3-Builder", "Zad_3-Builder\Zad_3-Builder.csproj", "{1ED1F8F0-E049-47AB-A967-E67FFC015665}"
EndProject
Project("{FAE04EC0-301F-11D3-BF4B-00C04F79EFBC}") = "Zad_3-Builder.Core", "Zad_3-Builder.Core\Zad_3-Builder.Core.csproj", "{B59D6D03-C7F8-4B13-A5DA-A23CA5787B37}"
EndProject
Global
	GlobalSection(SolutionConfigurationPlatforms) = preSolution
		Debug|Any CPU = Debug|Any CPU
		Release|Any CPU = Release|Any CPU
	EndGlobalSection
	GlobalSection(ProjectConfigurationPlatforms) = postSolution
		{1ED1F8F0-E049-47AB-A967-E67FFC015665}.Debug|Any CPU.ActiveCfg = Debug|Any CPU
		{1ED1F8F0-E049-47AB-A967-E67FFC015665}.Debug|Any CPU.Build.0 = Debug|Any CPU
		{1ED1F8F0-E049-47AB-A967-E67FFC015665}.Release|Any CPU.ActiveCfg = Release|Any CPU
		{1ED1F8F0-E049-47AB-A967-E67FFC015665}.Release|Any CPU.Build.0 = Release|Any CPU
		{B59D6D03-C7F8-4B13-A5DA-A23CA5787B37}.Debug|Any CPU.ActiveCfg = Debug|Any CPU
		{B59D6D03-C7F8-4B13-A5DA-A23CA5787B37}.Debug|Any CPU.Build.0 = Debug|Any CPU
		{B59D6D03-C7F8-4B13-A5DA-A23CA5787B37}.Release|Any CPU.ActiveCfg = Release|Any CPU
		{B59D6D03-C7F8-4B13-A5DA-A23CA5787B37}.Release|Any CPU.Build.0 = Release|Any CPU
	EndGlobalSection
	GlobalSection(SolutionProperties) = preSolution
		HideSolutionNode = FALSE
	EndGlobalSection
	GlobalSection(ExtensibilityGlobals) = postSolution
		SolutionGuid = {96A10B0F-4956-4496-817A-85708BB9F4C9}
	EndGlobalSection
EndGlobal
